
Microsoft Visual Studio Solution File, Format Version 12.00
Project("{FAE04EC0-301F-11D3-BF4B-00C04F79EFBC}") = "PhotoFlicker.Web", "PhotoFlicker.Web\PhotoFlicker.Web.csproj", "{26CE025E-E0AD-4A9A-B3F3-FC2148F2FC02}"
EndProject
Project("{FAE04EC0-301F-11D3-BF4B-00C04F79EFBC}") = "PhotoFlicker.Models", "PhotoFlicker.Models\PhotoFlicker.Models.csproj", "{D36D5C6E-FE16-4B4F-94CD-C47161917802}"
EndProject
Project("{FAE04EC0-301F-11D3-BF4B-00C04F79EFBC}") = "PhotoFlicker.Tests", "PhotoFlicker.Tests\PhotoFlicker.Tests.csproj", "{3DA575D9-C807-40B7-8849-6D847552F699}"
EndProject
Global
	GlobalSection(SolutionConfigurationPlatforms) = preSolution
		Debug|Any CPU = Debug|Any CPU
		Release|Any CPU = Release|Any CPU
	EndGlobalSection
	GlobalSection(ProjectConfigurationPlatforms) = postSolution
		{26CE025E-E0AD-4A9A-B3F3-FC2148F2FC02}.Debug|Any CPU.ActiveCfg = Debug|Any CPU
		{26CE025E-E0AD-4A9A-B3F3-FC2148F2FC02}.Debug|Any CPU.Build.0 = Debug|Any CPU
		{26CE025E-E0AD-4A9A-B3F3-FC2148F2FC02}.Release|Any CPU.ActiveCfg = Release|Any CPU
		{26CE025E-E0AD-4A9A-B3F3-FC2148F2FC02}.Release|Any CPU.Build.0 = Release|Any CPU
		{D36D5C6E-FE16-4B4F-94CD-C47161917802}.Debug|Any CPU.ActiveCfg = Debug|Any CPU
		{D36D5C6E-FE16-4B4F-94CD-C47161917802}.Debug|Any CPU.Build.0 = Debug|Any CPU
		{D36D5C6E-FE16-4B4F-94CD-C47161917802}.Release|Any CPU.ActiveCfg = Release|Any CPU
		{D36D5C6E-FE16-4B4F-94CD-C47161917802}.Release|Any CPU.Build.0 = Release|Any CPU
		{3DA575D9-C807-40B7-8849-6D847552F699}.Debug|Any CPU.ActiveCfg = Debug|Any CPU
		{3DA575D9-C807-40B7-8849-6D847552F699}.Debug|Any CPU.Build.0 = Debug|Any CPU
		{3DA575D9-C807-40B7-8849-6D847552F699}.Release|Any CPU.ActiveCfg = Release|Any CPU
		{3DA575D9-C807-40B7-8849-6D847552F699}.Release|Any CPU.Build.0 = Release|Any CPU
	EndGlobalSection
EndGlobal
